
Microsoft Visual Studio Solution File, Format Version 12.00
# Visual Studio 15
VisualStudioVersion = 15.0.26124.0
MinimumVisualStudioVersion = 15.0.26124.0
Project("{FAE04EC0-301F-11D3-BF4B-00C04F79EFBC}") = "HonestCars.WebApplication", "HonestCars.WebApplication\HonestCars.WebApplication.csproj", "{5AB25F3F-F866-4D3E-BC47-70F76DA5329A}"
EndProject
Project("{FAE04EC0-301F-11D3-BF4B-00C04F79EFBC}") = "HonestCars.DataModel", "HonestCars.DataModel\HonestCars.DataModel.csproj", "{5A2EA03B-658D-45F4-BC18-18B3D6793D36}"
EndProject
Global
	GlobalSection(SolutionConfigurationPlatforms) = preSolution
		Debug|Any CPU = Debug|Any CPU
		Debug|x64 = Debug|x64
		Debug|x86 = Debug|x86
		Release|Any CPU = Release|Any CPU
		Release|x64 = Release|x64
		Release|x86 = Release|x86
	EndGlobalSection
	GlobalSection(SolutionProperties) = preSolution
		HideSolutionNode = FALSE
	EndGlobalSection
	GlobalSection(ProjectConfigurationPlatforms) = postSolution
		{5AB25F3F-F866-4D3E-BC47-70F76DA5329A}.Debug|Any CPU.ActiveCfg = Debug|Any CPU
		{5AB25F3F-F866-4D3E-BC47-70F76DA5329A}.Debug|Any CPU.Build.0 = Debug|Any CPU
		{5AB25F3F-F866-4D3E-BC47-70F76DA5329A}.Debug|x64.ActiveCfg = Debug|Any CPU
		{5AB25F3F-F866-4D3E-BC47-70F76DA5329A}.Debug|x64.Build.0 = Debug|Any CPU
		{5AB25F3F-F866-4D3E-BC47-70F76DA5329A}.Debug|x86.ActiveCfg = Debug|Any CPU
		{5AB25F3F-F866-4D3E-BC47-70F76DA5329A}.Debug|x86.Build.0 = Debug|Any CPU
		{5AB25F3F-F866-4D3E-BC47-70F76DA5329A}.Release|Any CPU.ActiveCfg = Release|Any CPU
		{5AB25F3F-F866-4D3E-BC47-70F76DA5329A}.Release|Any CPU.Build.0 = Release|Any CPU
		{5AB25F3F-F866-4D3E-BC47-70F76DA5329A}.Release|x64.ActiveCfg = Release|Any CPU
		{5AB25F3F-F866-4D3E-BC47-70F76DA5329A}.Release|x64.Build.0 = Release|Any CPU
		{5AB25F3F-F866-4D3E-BC47-70F76DA5329A}.Release|x86.ActiveCfg = Release|Any CPU
		{5AB25F3F-F866-4D3E-BC47-70F76DA5329A}.Release|x86.Build.0 = Release|Any CPU
		{5A2EA03B-658D-45F4-BC18-18B3D6793D36}.Debug|Any CPU.ActiveCfg = Debug|Any CPU
		{5A2EA03B-658D-45F4-BC18-18B3D6793D36}.Debug|Any CPU.Build.0 = Debug|Any CPU
		{5A2EA03B-658D-45F4-BC18-18B3D6793D36}.Debug|x64.ActiveCfg = Debug|Any CPU
		{5A2EA03B-658D-45F4-BC18-18B3D6793D36}.Debug|x64.Build.0 = Debug|Any CPU
		{5A2EA03B-658D-45F4-BC18-18B3D6793D36}.Debug|x86.ActiveCfg = Debug|Any CPU
		{5A2EA03B-658D-45F4-BC18-18B3D6793D36}.Debug|x86.Build.0 = Debug|Any CPU
		{5A2EA03B-658D-45F4-BC18-18B3D6793D36}.Release|Any CPU.ActiveCfg = Release|Any CPU
		{5A2EA03B-658D-45F4-BC18-18B3D6793D36}.Release|Any CPU.Build.0 = Release|Any CPU
		{5A2EA03B-658D-45F4-BC18-18B3D6793D36}.Release|x64.ActiveCfg = Release|Any CPU
		{5A2EA03B-658D-45F4-BC18-18B3D6793D36}.Release|x64.Build.0 = Release|Any CPU
		{5A2EA03B-658D-45F4-BC18-18B3D6793D36}.Release|x86.ActiveCfg = Release|Any CPU
		{5A2EA03B-658D-45F4-BC18-18B3D6793D36}.Release|x86.Build.0 = Release|Any CPU
	EndGlobalSection
EndGlobal
